schema: '2.0'
stages:
  preprocess:
    cmd: python src/pre_process.py
    deps:
    - path: data/bronze/survey.csv
      hash: md5
      md5: 6e7bf171a9f00f5ec306e897bceaecb1
      size: 303684
    - path: src/pre_process.py
      hash: md5
      md5: b8254f432308e278ed27362372cec060
      size: 1821
    - path: src/utils.py
      hash: md5
      md5: 606dd67a928fb52cee5c1adafe8031e0
      size: 3171
    outs:
    - path: data/gold/test.csv
      hash: md5
      md5: c5aa6bdf8c3b0947cc9d250419ebbc10
      size: 25524
    - path: data/gold/train.csv
      hash: md5
      md5: 0ed63b8467997391ef59743b4b84db5b
      size: 101045
  train:
    cmd: python src/train.py
    deps:
    - path: data/gold/test.csv
      hash: md5
      md5: c5aa6bdf8c3b0947cc9d250419ebbc10
      size: 25524
    - path: data/gold/train.csv
      hash: md5
      md5: 0ed63b8467997391ef59743b4b84db5b
      size: 101045
    - path: src/model.py
      hash: md5
      md5: deb9ac2bb22c4ea7812fdd08d118a7b6
      size: 8348
    - path: src/train.py
      hash: md5
      md5: d2cdf257d52666264e4a84ed505f1c36
      size: 823
    outs:
    - path: models/
      hash: md5
      md5: 5c00ee825b78a5567afadcfb448f43a2.dir
      size: 5590623
      nfiles: 7
  requirements:
    cmd: pip install -r requirements.txt
    deps:
    - path: requirements.txt
      hash: md5
      md5: 42a5e3e29be9e8ee6b31ce35fdbba9c0
      size: 109
